
Microsoft Visual Studio Solution File, Format Version 12.00
# Visual Studio 2013
VisualStudioVersion = 12.0.40629.0
MinimumVisualStudioVersion = 10.0.40219.1
Project("{FAE04EC0-301F-11D3-BF4B-00C04F79EFBC}") = "KChat", "KChat\KChat.csproj", "{FEA622C0-0C89-4651-8305-8139B3FBC6C6}"
EndProject
Project("{FAE04EC0-301F-11D3-BF4B-00C04F79EFBC}") = "KChatServer", "KChatServer\KChatServer.csproj", "{40D540ED-368F-4399-ADD1-84C86C7395DA}"
EndProject
Global
	GlobalSection(SolutionConfigurationPlatforms) = preSolution
		Debug|Any CPU = Debug|Any CPU
		Release|Any CPU = Release|Any CPU
	EndGlobalSection
	GlobalSection(ProjectConfigurationPlatforms) = postSolution
		{FEA622C0-0C89-4651-8305-8139B3FBC6C6}.Debug|Any CPU.ActiveCfg = Debug|Any CPU
		{FEA622C0-0C89-4651-8305-8139B3FBC6C6}.Debug|Any CPU.Build.0 = Debug|Any CPU
		{FEA622C0-0C89-4651-8305-8139B3FBC6C6}.Release|Any CPU.ActiveCfg = Release|Any CPU
		{FEA622C0-0C89-4651-8305-8139B3FBC6C6}.Release|Any CPU.Build.0 = Release|Any CPU
		{40D540ED-368F-4399-ADD1-84C86C7395DA}.Debug|Any CPU.ActiveCfg = Debug|Any CPU
		{40D540ED-368F-4399-ADD1-84C86C7395DA}.Debug|Any CPU.Build.0 = Debug|Any CPU
		{40D540ED-368F-4399-ADD1-84C86C7395DA}.Release|Any CPU.ActiveCfg = Release|Any CPU
		{40D540ED-368F-4399-ADD1-84C86C7395DA}.Release|Any CPU.Build.0 = Release|Any CPU
	EndGlobalSection
	GlobalSection(SolutionProperties) = preSolution
		HideSolutionNode = FALSE
	EndGlobalSection
EndGlobal
