
Microsoft Visual Studio Solution File, Format Version 12.00
# Visual Studio 14
VisualStudioVersion = 14.0.23107.0
MinimumVisualStudioVersion = 10.0.40219.1
Project("{FAE04EC0-301F-11D3-BF4B-00C04F79EFBC}") = "VoiceClient", "VoiceClient\VoiceClient.csproj", "{0742F301-7399-4100-8EF2-5BCF75144242}"
EndProject
Project("{FAE04EC0-301F-11D3-BF4B-00C04F79EFBC}") = "FileClient", "FileClient\FileClient.csproj", "{E1B77141-5963-4236-A2C8-AD59F9C39A39}"
EndProject
Project("{FAE04EC0-301F-11D3-BF4B-00C04F79EFBC}") = "Server", "Server\Server.csproj", "{1A123A21-2AE8-4FF4-AC6C-CEFF895F7764}"
EndProject
Project("{FAE04EC0-301F-11D3-BF4B-00C04F79EFBC}") = "PeerInterface", "C:\Users\Hollow\Desktop\Communication-System_bak\PeerInterface\PeerInterface.csproj", "{FE051FEA-8A5B-49EC-81FE-D979BACA2292}"
EndProject
Global
	GlobalSection(SolutionConfigurationPlatforms) = preSolution
		Debug|Any CPU = Debug|Any CPU
		Debug|x86 = Debug|x86
		Release|Any CPU = Release|Any CPU
		Release|x86 = Release|x86
	EndGlobalSection
	GlobalSection(ProjectConfigurationPlatforms) = postSolution
		{0742F301-7399-4100-8EF2-5BCF75144242}.Debug|Any CPU.ActiveCfg = Debug|Any CPU
		{0742F301-7399-4100-8EF2-5BCF75144242}.Debug|Any CPU.Build.0 = Debug|Any CPU
		{0742F301-7399-4100-8EF2-5BCF75144242}.Debug|x86.ActiveCfg = Debug|Any CPU
		{0742F301-7399-4100-8EF2-5BCF75144242}.Debug|x86.Build.0 = Debug|Any CPU
		{0742F301-7399-4100-8EF2-5BCF75144242}.Release|Any CPU.ActiveCfg = Release|Any CPU
		{0742F301-7399-4100-8EF2-5BCF75144242}.Release|Any CPU.Build.0 = Release|Any CPU
		{0742F301-7399-4100-8EF2-5BCF75144242}.Release|x86.ActiveCfg = Release|Any CPU
		{0742F301-7399-4100-8EF2-5BCF75144242}.Release|x86.Build.0 = Release|Any CPU
		{E1B77141-5963-4236-A2C8-AD59F9C39A39}.Debug|Any CPU.ActiveCfg = Debug|Any CPU
		{E1B77141-5963-4236-A2C8-AD59F9C39A39}.Debug|Any CPU.Build.0 = Debug|Any CPU
		{E1B77141-5963-4236-A2C8-AD59F9C39A39}.Debug|x86.ActiveCfg = Debug|Any CPU
		{E1B77141-5963-4236-A2C8-AD59F9C39A39}.Debug|x86.Build.0 = Debug|Any CPU
		{E1B77141-5963-4236-A2C8-AD59F9C39A39}.Release|Any CPU.ActiveCfg = Release|Any CPU
		{E1B77141-5963-4236-A2C8-AD59F9C39A39}.Release|Any CPU.Build.0 = Release|Any CPU
		{E1B77141-5963-4236-A2C8-AD59F9C39A39}.Release|x86.ActiveCfg = Release|Any CPU
		{E1B77141-5963-4236-A2C8-AD59F9C39A39}.Release|x86.Build.0 = Release|Any CPU
		{1A123A21-2AE8-4FF4-AC6C-CEFF895F7764}.Debug|Any CPU.ActiveCfg = Debug|Any CPU
		{1A123A21-2AE8-4FF4-AC6C-CEFF895F7764}.Debug|Any CPU.Build.0 = Debug|Any CPU
		{1A123A21-2AE8-4FF4-AC6C-CEFF895F7764}.Debug|x86.ActiveCfg = Debug|Any CPU
		{1A123A21-2AE8-4FF4-AC6C-CEFF895F7764}.Debug|x86.Build.0 = Debug|Any CPU
		{1A123A21-2AE8-4FF4-AC6C-CEFF895F7764}.Release|Any CPU.ActiveCfg = Release|Any CPU
		{1A123A21-2AE8-4FF4-AC6C-CEFF895F7764}.Release|Any CPU.Build.0 = Release|Any CPU
		{1A123A21-2AE8-4FF4-AC6C-CEFF895F7764}.Release|x86.ActiveCfg = Release|Any CPU
		{1A123A21-2AE8-4FF4-AC6C-CEFF895F7764}.Release|x86.Build.0 = Release|Any CPU
		{FE051FEA-8A5B-49EC-81FE-D979BACA2292}.Debug|Any CPU.ActiveCfg = Debug|Any CPU
		{FE051FEA-8A5B-49EC-81FE-D979BACA2292}.Debug|Any CPU.Build.0 = Debug|Any CPU
		{FE051FEA-8A5B-49EC-81FE-D979BACA2292}.Debug|x86.ActiveCfg = Debug|Any CPU
		{FE051FEA-8A5B-49EC-81FE-D979BACA2292}.Debug|x86.Build.0 = Debug|Any CPU
		{FE051FEA-8A5B-49EC-81FE-D979BACA2292}.Release|Any CPU.ActiveCfg = Release|Any CPU
		{FE051FEA-8A5B-49EC-81FE-D979BACA2292}.Release|Any CPU.Build.0 = Release|Any CPU
		{FE051FEA-8A5B-49EC-81FE-D979BACA2292}.Release|x86.ActiveCfg = Release|Any CPU
		{FE051FEA-8A5B-49EC-81FE-D979BACA2292}.Release|x86.Build.0 = Release|Any CPU
	EndGlobalSection
	GlobalSection(SolutionProperties) = preSolution
		HideSolutionNode = FALSE
	EndGlobalSection
EndGlobal
